
Microsoft Visual Studio Solution File, Format Version 12.00
# Visual Studio Version 16
VisualStudioVersion = 16.0.31515.178
MinimumVisualStudioVersion = 10.0.40219.1
Project("{9A19103F-16F7-4668-BE54-9A1E7A4F7556}") = "FullCalenderDemo", "FullCalenderDemo\FullCalenderDemo.csproj", "{53B8555C-FC09-46C9-93FE-661686461AF1}"
EndProject
Project("{FAE04EC0-301F-11D3-BF4B-00C04F79EFBC}") = "MongoDBDemo", "MongoDBDemo\MongoDBDemo.csproj", "{8B141B1B-E8F0-469D-8198-BAF69E0CA2E8}"
EndProject
Global
	GlobalSection(SolutionConfigurationPlatforms) = preSolution
		Debug|Any CPU = Debug|Any CPU
		Release|Any CPU = Release|Any CPU
	EndGlobalSection
	GlobalSection(ProjectConfigurationPlatforms) = postSolution
		{53B8555C-FC09-46C9-93FE-661686461AF1}.Debug|Any CPU.ActiveCfg = Debug|Any CPU
		{53B8555C-FC09-46C9-93FE-661686461AF1}.Debug|Any CPU.Build.0 = Debug|Any CPU
		{53B8555C-FC09-46C9-93FE-661686461AF1}.Release|Any CPU.ActiveCfg = Release|Any CPU
		{53B8555C-FC09-46C9-93FE-661686461AF1}.Release|Any CPU.Build.0 = Release|Any CPU
		{8B141B1B-E8F0-469D-8198-BAF69E0CA2E8}.Debug|Any CPU.ActiveCfg = Debug|Any CPU
		{8B141B1B-E8F0-469D-8198-BAF69E0CA2E8}.Debug|Any CPU.Build.0 = Debug|Any CPU
		{8B141B1B-E8F0-469D-8198-BAF69E0CA2E8}.Release|Any CPU.ActiveCfg = Release|Any CPU
		{8B141B1B-E8F0-469D-8198-BAF69E0CA2E8}.Release|Any CPU.Build.0 = Release|Any CPU
	EndGlobalSection
	GlobalSection(SolutionProperties) = preSolution
		HideSolutionNode = FALSE
	EndGlobalSection
	GlobalSection(ExtensibilityGlobals) = postSolution
		SolutionGuid = {FFC1ED7A-1FED-4FD0-B44C-C6620E8FADA9}
	EndGlobalSection
EndGlobal
